
Microsoft Visual Studio Solution File, Format Version 12.00
# Visual Studio Version 17
VisualStudioVersion = 17.0.32014.148
MinimumVisualStudioVersion = 10.0.40219.1
Project("{9A19103F-16F7-4668-BE54-9A1E7A4F7556}") = "Prueba_studio_F", "Prueba_studio_F\Prueba_studio_F.csproj", "{09CC3489-E78D-47BC-B185-E12424EA3F8F}"
EndProject
Project("{2150E333-8FDC-42A3-9474-1A3956D46DE8}") = "Solution Items", "Solution Items", "{0C1D9334-8DD7-4DE4-9A85-7BA45EE59D38}"
	ProjectSection(SolutionItems) = preProject
		.editorconfig = .editorconfig
	EndProjectSection
EndProject
Global
	GlobalSection(SolutionConfigurationPlatforms) = preSolution
		Debug|Any CPU = Debug|Any CPU
		Release|Any CPU = Release|Any CPU
	EndGlobalSection
	GlobalSection(ProjectConfigurationPlatforms) = postSolution
		{09CC3489-E78D-47BC-B185-E12424EA3F8F}.Debug|Any CPU.ActiveCfg = Debug|Any CPU
		{09CC3489-E78D-47BC-B185-E12424EA3F8F}.Debug|Any CPU.Build.0 = Debug|Any CPU
		{09CC3489-E78D-47BC-B185-E12424EA3F8F}.Release|Any CPU.ActiveCfg = Release|Any CPU
		{09CC3489-E78D-47BC-B185-E12424EA3F8F}.Release|Any CPU.Build.0 = Release|Any CPU
	EndGlobalSection
	GlobalSection(SolutionProperties) = preSolution
		HideSolutionNode = FALSE
	EndGlobalSection
	GlobalSection(ExtensibilityGlobals) = postSolution
		SolutionGuid = {CE30E1E9-A9A1-4111-8D98-FF9AD9347176}
	EndGlobalSection
EndGlobal
